
Microsoft Visual Studio Solution File, Format Version 12.00
# Visual Studio Version 17
VisualStudioVersion = 17.0.31612.314
MinimumVisualStudioVersion = 10.0.40219.1
Project("{FAE04EC0-301F-11D3-BF4B-00C04F79EFBC}") = "RemoveArrayPart_CodeSignal_Core_Test39", "RemoveArrayPart_CodeSignal_Core_Test39\RemoveArrayPart_CodeSignal_Core_Test39.csproj", "{D7EF9049-409D-4A31-BD9C-7BF1BDAF3579}"
EndProject
Global
	GlobalSection(SolutionConfigurationPlatforms) = preSolution
		Debug|Any CPU = Debug|Any CPU
		Release|Any CPU = Release|Any CPU
	EndGlobalSection
	GlobalSection(ProjectConfigurationPlatforms) = postSolution
		{D7EF9049-409D-4A31-BD9C-7BF1BDAF3579}.Debug|Any CPU.ActiveCfg = Debug|Any CPU
		{D7EF9049-409D-4A31-BD9C-7BF1BDAF3579}.Debug|Any CPU.Build.0 = Debug|Any CPU
		{D7EF9049-409D-4A31-BD9C-7BF1BDAF3579}.Release|Any CPU.ActiveCfg = Release|Any CPU
		{D7EF9049-409D-4A31-BD9C-7BF1BDAF3579}.Release|Any CPU.Build.0 = Release|Any CPU
	EndGlobalSection
	GlobalSection(SolutionProperties) = preSolution
		HideSolutionNode = FALSE
	EndGlobalSection
	GlobalSection(ExtensibilityGlobals) = postSolution
		SolutionGuid = {B2337D07-FF63-4F8A-92BB-15B57BA353ED}
	EndGlobalSection
EndGlobal
